PODS:
  - MarkdownKit (1.6)
  - MASShortcut (2.3.6)

DEPENDENCIES:
  - MarkdownKit
  - MASShortcut

SPEC REPOS:
  https://github.com/CocoaPods/Specs.git:
    - MASShortcut
  trunk:
    - MarkdownKit

SPEC CHECKSUMS:
  MarkdownKit: 6aa4aee263c7efae3de570cded0767f85c38fc78
  MASShortcut: 9c215e8a8a78f3d01ce56da48e2730ab66b538fa

PODFILE CHECKSUM: 1e60ce472351323f08df48770ce44282249a9949

COCOAPODS: 1.9.1
