// !$*UTF8*$!
{
	archiveVersion = 1;
	classes = {
	};
	objectVersion = 48;
	objects = {

/* Begin PBXBuildFile section */
		271CEFF021DD555A004CD3A8 /* DrawingScene.sks in Resources */ = {isa = PBXBuildFile; fileRef = 271CEFEF21DD555A004CD3A8 /* DrawingScene.sks */; };
		271CEFF221DD5823004CD3A8 /* DrawingScene.swift in Sources */ = {isa = PBXBuildFile; fileRef = 271CEFF121DD5823004CD3A8 /* DrawingScene.swift */; };
		271CEFFA21DEB801004CD3A8 /* HeaderView.swift in Sources */ = {isa = PBXBuildFile; fileRef = 271CEFF921DEB801004CD3A8 /* HeaderView.swift */; };
		2736E6E61F79A857002015D3 /* LauncherApplication.app in CopyFiles */ = {isa = PBXBuildFile; fileRef = 274464BC1F79A10A008A0252 /* LauncherApplication.app */; settings = {ATTRIBUTES = (RemoveHeadersOnCopy, ); }; };
		274464AB1F78372A008A0252 /* EventMonitor.swift in Sources */ = {isa = PBXBuildFile; fileRef = 274464AA1F78372A008A0252 /* EventMonitor.swift */; };
		274464B51F79567A008A0252 /* PreferencesWindow.swift in Sources */ = {isa = PBXBuildFile; fileRef = 274464B41F79567A008A0252 /* PreferencesWindow.swift */; };
		274464B71F79939F008A0252 /* Podfile in Resources */ = {isa = PBXBuildFile; fileRef = 274464B61F79939F008A0252 /* Podfile */; };
		274464BF1F79A10A008A0252 /* AppDelegate.swift in Sources */ = {isa = PBXBuildFile; fileRef = 274464BE1F79A10A008A0252 /* AppDelegate.swift */; };
		274464C31F79A10A008A0252 /* Assets.xcassets in Resources */ = {isa = PBXBuildFile; fileRef = 274464C21F79A10A008A0252 /* Assets.xcassets */; };
		274464C61F79A10A008A0252 /* Main.storyboard in Resources */ = {isa = PBXBuildFile; fileRef = 274464C41F79A10A008A0252 /* Main.storyboard */; };
		274464CD1F79A12A008A0252 /* ServiceManagement.framework in Frameworks */ = {isa = PBXBuildFile; fileRef = 274464CC1F79A12A008A0252 /* ServiceManagement.framework */; };
		275847351F782C7F0072F709 /* TmpNoteViewController.swift in Sources */ = {isa = PBXBuildFile; fileRef = 275847341F782C7F0072F709 /* TmpNoteViewController.swift */; };
		277656601F75BBEC001B0294 /* AppDelegate.swift in Sources */ = {isa = PBXBuildFile; fileRef = 2776565F1F75BBEC001B0294 /* AppDelegate.swift */; };
		277656641F75BBEC001B0294 /* Assets.xcassets in Resources */ = {isa = PBXBuildFile; fileRef = 277656631F75BBEC001B0294 /* Assets.xcassets */; };
		277656671F75BBEC001B0294 /* Main.storyboard in Resources */ = {isa = PBXBuildFile; fileRef = 277656651F75BBEC001B0294 /* Main.storyboard */; };
		2787D48A21E20934005E817F /* Extensions.swift in Sources */ = {isa = PBXBuildFile; fileRef = 2787D48921E20934005E817F /* Extensions.swift */; };
		27B72AB221E384BD0082E490 /* example.gif in Resources */ = {isa = PBXBuildFile; fileRef = 27B72AB121E384BD0082E490 /* example.gif */; };
		938535CD2329F9B700ABF71D /* tmpNote.xcdatamodeld in Sources */ = {isa = PBXBuildFile; fileRef = 938535CB2329F9B700ABF71D /* tmpNote.xcdatamodeld */; };
		EFD8EF95C286CE804BC4EA9F /* Pods_tmpNote.framework in Frameworks */ = {isa = PBXBuildFile; fileRef = 58A6AF7F337DA7E0EF356794 /* Pods_tmpNote.framework */; };
/* End PBXBuildFile section */

/* Begin PBXCopyFilesBuildPhase section */
		2736E6E51F79A84C002015D3 /* CopyFiles */ = {
			isa = PBXCopyFilesBuildPhase;
			buildActionMask = 2147483647;
			dstPath = Contents/Library/LoginItems;
			dstSubfolderSpec = 1;
			files = (
				2736E6E61F79A857002015D3 /* LauncherApplication.app in CopyFiles */,
			);
			runOnlyForDeploymentPostprocessing = 0;
		};
/* End PBXCopyFilesBuildPhase section */

/* Begin PBXFileReference section */
		271CEFEF21DD555A004CD3A8 /* DrawingScene.sks */ = {isa = PBXFileReference; lastKnownFileType = file.sks; path = DrawingScene.sks; sourceTree = "<group>"; };
		271CEFF121DD5823004CD3A8 /* DrawingScene.swift */ = {isa = PBXFileReference; lastKnownFileType = sourcecode.swift; path = DrawingScene.swift; sourceTree = "<group>"; };
		271CEFF921DEB801004CD3A8 /* HeaderView.swift */ = {isa = PBXFileReference; lastKnownFileType = sourcecode.swift; path = HeaderView.swift; sourceTree = "<group>"; };
		274464AA1F78372A008A0252 /* EventMonitor.swift */ = {isa = PBXFileReference; lastKnownFileType = sourcecode.swift; path = EventMonitor.swift; sourceTree = "<group>"; };
		274464B41F79567A008A0252 /* PreferencesWindow.swift */ = {isa = PBXFileReference; lastKnownFileType = sourcecode.swift; path = PreferencesWindow.swift; sourceTree = "<group>"; };
		274464B61F79939F008A0252 /* Podfile */ = {isa = PBXFileReference; lastKnownFileType = text; path = Podfile; sourceTree = SOURCE_ROOT; xcLanguageSpecificationIdentifier = xcode.lang.ruby; };
		274464BC1F79A10A008A0252 /* LauncherApplication.app */ = {isa = PBXFileReference; explicitFileType = wrapper.application; includeInIndex = 0; path = LauncherApplication.app; sourceTree = BUILT_PRODUCTS_DIR; };
		274464BE1F79A10A008A0252 /* AppDelegate.swift */ = {isa = PBXFileReference; lastKnownFileType = sourcecode.swift; path = AppDelegate.swift; sourceTree = "<group>"; };
		274464C21F79A10A008A0252 /* Assets.xcassets */ = {isa = PBXFileReference; lastKnownFileType = folder.assetcatalog; path = Assets.xcassets; sourceTree = "<group>"; };
		274464C51F79A10A008A0252 /* Base */ = {isa = PBXFileReference; lastKnownFileType = file.storyboard; name = Base; path = Base.lproj/Main.storyboard; sourceTree = "<group>"; };
		274464C71F79A10A008A0252 /* Info.plist */ = {isa = PBXFileReference; lastKnownFileType = text.plist.xml; path = Info.plist; sourceTree = "<group>"; };
		274464C81F79A10A008A0252 /* LauncherApplication.entitlements */ = {isa = PBXFileReference; lastKnownFileType = text.plist.entitlements; path = LauncherApplication.entitlements; sourceTree = "<group>"; };
		274464CC1F79A12A008A0252 /* ServiceManagement.framework */ = {isa = PBXFileReference; lastKnownFileType = wrapper.framework; name = ServiceManagement.framework; path = System/Library/Frameworks/ServiceManagement.framework; sourceTree = SDKROOT; };
		275847341F782C7F0072F709 /* TmpNoteViewController.swift */ = {isa = PBXFileReference; lastKnownFileType = sourcecode.swift; path = TmpNoteViewController.swift; sourceTree = "<group>"; };
		2776565C1F75BBEC001B0294 /* tmpNote.app */ = {isa = PBXFileReference; explicitFileType = wrapper.application; includeInIndex = 0; path = tmpNote.app; sourceTree = BUILT_PRODUCTS_DIR; };
		2776565F1F75BBEC001B0294 /* AppDelegate.swift */ = {isa = PBXFileReference; lastKnownFileType = sourcecode.swift; path = AppDelegate.swift; sourceTree = "<group>"; };
		277656631F75BBEC001B0294 /* Assets.xcassets */ = {isa = PBXFileReference; lastKnownFileType = folder.assetcatalog; path = Assets.xcassets; sourceTree = "<group>"; };
		277656661F75BBEC001B0294 /* Base */ = {isa = PBXFileReference; lastKnownFileType = file.storyboard; name = Base; path = Base.lproj/Main.storyboard; sourceTree = "<group>"; };
		277656681F75BBEC001B0294 /* Info.plist */ = {isa = PBXFileReference; lastKnownFileType = text.plist.xml; path = Info.plist; sourceTree = "<group>"; };
		277656691F75BBEC001B0294 /* tmpNote.entitlements */ = {isa = PBXFileReference; lastKnownFileType = text.plist.entitlements; path = tmpNote.entitlements; sourceTree = "<group>"; };
		2787D48921E20934005E817F /* Extensions.swift */ = {isa = PBXFileReference; lastKnownFileType = sourcecode.swift; path = Extensions.swift; sourceTree = "<group>"; };
		27B72AB121E384BD0082E490 /* example.gif */ = {isa = PBXFileReference; lastKnownFileType = image.gif; path = example.gif; sourceTree = "<group>"; };
		3D89BE136325237EBA1B4B06 /* Pods-tmpNote.debug.xcconfig */ = {isa = PBXFileReference; includeInIndex = 1; lastKnownFileType = text.xcconfig; name = "Pods-tmpNote.debug.xcconfig"; path = "Pods/Target Support Files/Pods-tmpNote/Pods-tmpNote.debug.xcconfig"; sourceTree = "<group>"; };
		58A6AF7F337DA7E0EF356794 /* Pods_tmpNote.framework */ = {isa = PBXFileReference; explicitFileType = wrapper.framework; includeInIndex = 0; path = Pods_tmpNote.framework; sourceTree = BUILT_PRODUCTS_DIR; };
		938535CC2329F9B700ABF71D /* tmpNote.xcdatamodel */ = {isa = PBXFileReference; lastKnownFileType = wrapper.xcdatamodel; path = tmpNote.xcdatamodel; sourceTree = "<group>"; };
		C5BD56484756DECFF14D330B /* Pods-tmpNote.release.xcconfig */ = {isa = PBXFileReference; includeInIndex = 1; lastKnownFileType = text.xcconfig; name = "Pods-tmpNote.release.xcconfig"; path = "Pods/Target Support Files/Pods-tmpNote/Pods-tmpNote.release.xcconfig"; sourceTree = "<group>"; };
/* End PBXFileReference section */

/* Begin PBXFrameworksBuildPhase section */
		274464B91F79A10A008A0252 /* Frameworks */ = {
			isa = PBXFrameworksBuildPhase;
			buildActionMask = 2147483647;
			files = (
			);
			runOnlyForDeploymentPostprocessing = 0;
		};
		277656591F75BBEC001B0294 /* Frameworks */ = {
			isa = PBXFrameworksBuildPhase;
			buildActionMask = 2147483647;
			files = (
				274464CD1F79A12A008A0252 /* ServiceManagement.framework in Frameworks */,
				EFD8EF95C286CE804BC4EA9F /* Pods_tmpNote.framework in Frameworks */,
			);
			runOnlyForDeploymentPostprocessing = 0;
		};
/* End PBXFrameworksBuildPhase section */

/* Begin PBXGroup section */
		274464BD1F79A10A008A0252 /* LauncherApplication */ = {
			isa = PBXGroup;
			children = (
				274464BE1F79A10A008A0252 /* AppDelegate.swift */,
				274464C21F79A10A008A0252 /* Assets.xcassets */,
				274464C41F79A10A008A0252 /* Main.storyboard */,
				274464C71F79A10A008A0252 /* Info.plist */,
				274464C81F79A10A008A0252 /* LauncherApplication.entitlements */,
			);
			path = LauncherApplication;
			sourceTree = "<group>";
		};
		277656531F75BBEC001B0294 = {
			isa = PBXGroup;
			children = (
				2776565E1F75BBEC001B0294 /* tmpNote */,
				274464BD1F79A10A008A0252 /* LauncherApplication */,
				2776565D1F75BBEC001B0294 /* Products */,
				E95C7FB7367FBAB697D54ED9 /* Pods */,
				C32BFCA9F155C8CFA91587B5 /* Frameworks */,
			);
			sourceTree = "<group>";
		};
		2776565D1F75BBEC001B0294 /* Products */ = {
			isa = PBXGroup;
			children = (
				2776565C1F75BBEC001B0294 /* tmpNote.app */,
				274464BC1F79A10A008A0252 /* LauncherApplication.app */,
			);
			name = Products;
			sourceTree = "<group>";
		};
		2776565E1F75BBEC001B0294 /* tmpNote */ = {
			isa = PBXGroup;
			children = (
				2776565F1F75BBEC001B0294 /* AppDelegate.swift */,
				938535CB2329F9B700ABF71D /* tmpNote.xcdatamodeld */,
				274464B41F79567A008A0252 /* PreferencesWindow.swift */,
				275847341F782C7F0072F709 /* TmpNoteViewController.swift */,
				271CEFF921DEB801004CD3A8 /* HeaderView.swift */,
				271CEFEF21DD555A004CD3A8 /* DrawingScene.sks */,
				271CEFF121DD5823004CD3A8 /* DrawingScene.swift */,
				2787D48921E20934005E817F /* Extensions.swift */,
				274464AA1F78372A008A0252 /* EventMonitor.swift */,
				27B72AB021E384A10082E490 /* Resources */,
				274464B61F79939F008A0252 /* Podfile */,
				277656631F75BBEC001B0294 /* Assets.xcassets */,
				277656651F75BBEC001B0294 /* Main.storyboard */,
				277656681F75BBEC001B0294 /* Info.plist */,
				277656691F75BBEC001B0294 /* tmpNote.entitlements */,
			);
			path = tmpNote;
			sourceTree = "<group>";
		};
		27B72AB021E384A10082E490 /* Resources */ = {
			isa = PBXGroup;
			children = (
				27B72AB121E384BD0082E490 /* example.gif */,
			);
			path = Resources;
			sourceTree = "<group>";
		};
		C32BFCA9F155C8CFA91587B5 /* Frameworks */ = {
			isa = PBXGroup;
			children = (
				274464CC1F79A12A008A0252 /* ServiceManagement.framework */,
				58A6AF7F337DA7E0EF356794 /* Pods_tmpNote.framework */,
			);
			name = Frameworks;
			sourceTree = "<group>";
		};
		E95C7FB7367FBAB697D54ED9 /* Pods */ = {
			isa = PBXGroup;
			children = (
				3D89BE136325237EBA1B4B06 /* Pods-tmpNote.debug.xcconfig */,
				C5BD56484756DECFF14D330B /* Pods-tmpNote.release.xcconfig */,
			);
			name = Pods;
			sourceTree = "<group>";
		};
/* End PBXGroup section */

/* Begin PBXNativeTarget section */
		274464BB1F79A10A008A0252 /* LauncherApplication */ = {
			isa = PBXNativeTarget;
			buildConfigurationList = 274464CB1F79A10A008A0252 /* Build configuration list for PBXNativeTarget "LauncherApplication" */;
			buildPhases = (
				274464B81F79A10A008A0252 /* Sources */,
				274464B91F79A10A008A0252 /* Frameworks */,
				274464BA1F79A10A008A0252 /* Resources */,
			);
			buildRules = (
			);
			dependencies = (
			);
			name = LauncherApplication;
			productName = LauncherApplication;
			productReference = 274464BC1F79A10A008A0252 /* LauncherApplication.app */;
			productType = "com.apple.product-type.application";
		};
		2776565B1F75BBEC001B0294 /* tmpNote */ = {
			isa = PBXNativeTarget;
			buildConfigurationList = 2776566C1F75BBEC001B0294 /* Build configuration list for PBXNativeTarget "tmpNote" */;
			buildPhases = (
				9C243515056E804DE74BD260 /* [CP] Check Pods Manifest.lock */,
				277656581F75BBEC001B0294 /* Sources */,
				277656591F75BBEC001B0294 /* Frameworks */,
				2776565A1F75BBEC001B0294 /* Resources */,
				C7B0C2D3FC7953005B126D06 /* [CP] Embed Pods Frameworks */,
				2736E6E51F79A84C002015D3 /* CopyFiles */,
			);
			buildRules = (
			);
			dependencies = (
			);
			name = tmpNote;
			productName = tmpNote;
			productReference = 2776565C1F75BBEC001B0294 /* tmpNote.app */;
			productType = "com.apple.product-type.application";
		};
/* End PBXNativeTarget section */

/* Begin PBXProject section */
		277656541F75BBEC001B0294 /* Project object */ = {
			isa = PBXProject;
			attributes = {
				LastSwiftUpdateCheck = 0900;
				LastUpgradeCheck = 1020;
				ORGANIZATIONNAME = BUDDAx2;
				TargetAttributes = {
					274464BB1F79A10A008A0252 = {
						CreatedOnToolsVersion = 9.0;
						LastSwiftMigration = 1010;
						ProvisioningStyle = Automatic;
					};
					2776565B1F75BBEC001B0294 = {
						CreatedOnToolsVersion = 9.0;
						LastSwiftMigration = 1010;
						ProvisioningStyle = Automatic;
						SystemCapabilities = {
							com.apple.Push = {
								enabled = 0;
							};
							com.apple.iCloud = {
								enabled = 0;
							};
						};
					};
				};
			};
			buildConfigurationList = 277656571F75BBEC001B0294 /* Build configuration list for PBXProject "tmpNote" */;
			compatibilityVersion = "Xcode 8.0";
			developmentRegion = en;
			hasScannedForEncodings = 0;
			knownRegions = (
				en,
				Base,
			);
			mainGroup = 277656531F75BBEC001B0294;
			productRefGroup = 2776565D1F75BBEC001B0294 /* Products */;
			projectDirPath = "";
			projectRoot = "";
			targets = (
				2776565B1F75BBEC001B0294 /* tmpNote */,
				274464BB1F79A10A008A0252 /* LauncherApplication */,
			);
		};
/* End PBXProject section */

/* Begin PBXResourcesBuildPhase section */
		274464BA1F79A10A008A0252 /* Resources */ = {
			isa = PBXResourcesBuildPhase;
			buildActionMask = 2147483647;
			files = (
				274464C31F79A10A008A0252 /* Assets.xcassets in Resources */,
				274464C61F79A10A008A0252 /* Main.storyboard in Resources */,
			);
			runOnlyForDeploymentPostprocessing = 0;
		};
		2776565A1F75BBEC001B0294 /* Resources */ = {
			isa = PBXResourcesBuildPhase;
			buildActionMask = 2147483647;
			files = (
				274464B71F79939F008A0252 /* Podfile in Resources */,
				271CEFF021DD555A004CD3A8 /* DrawingScene.sks in Resources */,
				277656641F75BBEC001B0294 /* Assets.xcassets in Resources */,
				27B72AB221E384BD0082E490 /* example.gif in Resources */,
				277656671F75BBEC001B0294 /* Main.storyboard in Resources */,
			);
			runOnlyForDeploymentPostprocessing = 0;
		};
/* End PBXResourcesBuildPhase section */

/* Begin PBXShellScriptBuildPhase section */
		9C243515056E804DE74BD260 /* [CP] Check Pods Manifest.lock */ = {
			isa = PBXShellScriptBuildPhase;
			buildActionMask = 2147483647;
			files = (
			);
			inputPaths = (
				"${PODS_PODFILE_DIR_PATH}/Podfile.lock",
				"${PODS_ROOT}/Manifest.lock",
			);
			name = "[CP] Check Pods Manifest.lock";
			outputPaths = (
				"$(DERIVED_FILE_DIR)/Pods-tmpNote-checkManifestLockResult.txt",
			);
			runOnlyForDeploymentPostprocessing = 0;
			shellPath = /bin/sh;
			shellScript = "diff \"${PODS_PODFILE_DIR_PATH}/Podfile.lock\" \"${PODS_ROOT}/Manifest.lock\" > /dev/null\nif [ $? != 0 ] ; then\n    # print error to STDERR\n    echo \"error: The sandbox is not in sync with the Podfile.lock. Run 'pod install' or update your CocoaPods installation.\" >&2\n    exit 1\nfi\n# This output is used by Xcode 'outputs' to avoid re-running this script phase.\necho \"SUCCESS\" > \"${SCRIPT_OUTPUT_FILE_0}\"\n";
			showEnvVarsInLog = 0;
		};
		C7B0C2D3FC7953005B126D06 /* [CP] Embed Pods Frameworks */ = {
			isa = PBXShellScriptBuildPhase;
			buildActionMask = 2147483647;
			files = (
			);
			inputPaths = (
				"${SRCROOT}/Pods/Target Support Files/Pods-tmpNote/Pods-tmpNote-frameworks.sh",
				"${BUILT_PRODUCTS_DIR}/MASShortcut/MASShortcut.framework",
			);
			name = "[CP] Embed Pods Frameworks";
			outputPaths = (
				"${TARGET_BUILD_DIR}/${FRAMEWORKS_FOLDER_PATH}/MASShortcut.framework",
			);
			runOnlyForDeploymentPostprocessing = 0;
			shellPath = /bin/sh;
			shellScript = "\"${SRCROOT}/Pods/Target Support Files/Pods-tmpNote/Pods-tmpNote-frameworks.sh\"\n";
			showEnvVarsInLog = 0;
		};
/* End PBXShellScriptBuildPhase section */

/* Begin PBXSourcesBuildPhase section */
		274464B81F79A10A008A0252 /* Sources */ = {
			isa = PBXSourcesBuildPhase;
			buildActionMask = 2147483647;
			files = (
				274464BF1F79A10A008A0252 /* AppDelegate.swift in Sources */,
			);
			runOnlyForDeploymentPostprocessing = 0;
		};
		277656581F75BBEC001B0294 /* Sources */ = {
			isa = PBXSourcesBuildPhase;
			buildActionMask = 2147483647;
			files = (
				271CEFF221DD5823004CD3A8 /* DrawingScene.swift in Sources */,
				271CEFFA21DEB801004CD3A8 /* HeaderView.swift in Sources */,
				274464B51F79567A008A0252 /* PreferencesWindow.swift in Sources */,
				938535CD2329F9B700ABF71D /* tmpNote.xcdatamodeld in Sources */,
				274464AB1F78372A008A0252 /* EventMonitor.swift in Sources */,
				277656601F75BBEC001B0294 /* AppDelegate.swift in Sources */,
				275847351F782C7F0072F709 /* TmpNoteViewController.swift in Sources */,
				2787D48A21E20934005E817F /* Extensions.swift in Sources */,
			);
			runOnlyForDeploymentPostprocessing = 0;
		};
/* End PBXSourcesBuildPhase section */

/* Begin PBXVariantGroup section */
		274464C41F79A10A008A0252 /* Main.storyboard */ = {
			isa = PBXVariantGroup;
			children = (
				274464C51F79A10A008A0252 /* Base */,
			);
			name = Main.storyboard;
			sourceTree = "<group>";
		};
		277656651F75BBEC001B0294 /* Main.storyboard */ = {
			isa = PBXVariantGroup;
			children = (
				277656661F75BBEC001B0294 /* Base */,
			);
			name = Main.storyboard;
			sourceTree = "<group>";
		};
/* End PBXVariantGroup section */

/* Begin XCBuildConfiguration section */
		274464C91F79A10A008A0252 /* Debug */ = {
			isa = XCBuildConfiguration;
			buildSettings = {
				ASSETCATALOG_COMPILER_APPICON_NAME = AppIcon;
				CODE_SIGN_ENTITLEMENTS = LauncherApplication/LauncherApplication.entitlements;
				CODE_SIGN_IDENTITY = "Mac Developer";
				CODE_SIGN_STYLE = Automatic;
				COMBINE_HIDPI_IMAGES = YES;
				DEVELOPMENT_TEAM = Q2N8L37H44;
				INFOPLIST_FILE = LauncherApplication/Info.plist;
				LD_RUNPATH_SEARCH_PATHS = "$(inherited) @executable_path/../Frameworks";
				PRODUCT_BUNDLE_IDENTIFIER = com.buddax2.tmpNote.LauncherApplication;
				PRODUCT_NAME = "$(TARGET_NAME)";
				SKIP_INSTALL = YES;
				SWIFT_VERSION = 5.0;
			};
			name = Debug;
		};
		274464CA1F79A10A008A0252 /* Release */ = {
			isa = XCBuildConfiguration;
			buildSettings = {
				ASSETCATALOG_COMPILER_APPICON_NAME = AppIcon;
				CODE_SIGN_ENTITLEMENTS = LauncherApplication/LauncherApplication.entitlements;
				CODE_SIGN_IDENTITY = "Mac Developer";
				CODE_SIGN_STYLE = Automatic;
				COMBINE_HIDPI_IMAGES = YES;
				DEVELOPMENT_TEAM = Q2N8L37H44;
				INFOPLIST_FILE = LauncherApplication/Info.plist;
				LD_RUNPATH_SEARCH_PATHS = "$(inherited) @executable_path/../Frameworks";
				PRODUCT_BUNDLE_IDENTIFIER = com.buddax2.tmpNote.LauncherApplication;
				PRODUCT_NAME = "$(TARGET_NAME)";
				SKIP_INSTALL = YES;
				SWIFT_VERSION = 5.0;
			};
			name = Release;
		};
		2776566A1F75BBEC001B0294 /* Debug */ = {
			isa = XCBuildConfiguration;
			buildSettings = {
				ALWAYS_SEARCH_USER_PATHS = NO;
				CLANG_ANALYZER_NONNULL = YES;
				CLANG_ANALYZER_NUMBER_OBJECT_CONVERSION = YES_AGGRESSIVE;
				CLANG_CXX_LANGUAGE_STANDARD = "gnu++14";
				CLANG_CXX_LIBRARY = "libc++";
				CLANG_ENABLE_MODULES = YES;
				CLANG_ENABLE_OBJC_ARC = YES;
				CLANG_WARN_BLOCK_CAPTURE_AUTORELEASING = YES;
				CLANG_WARN_BOOL_CONVERSION = YES;
				CLANG_WARN_COMMA = YES;
				CLANG_WARN_CONSTANT_CONVERSION = YES;
				CLANG_WARN_DEPRECATED_OBJC_IMPLEMENTATIONS = YES;
				CLANG_WARN_DIRECT_OBJC_ISA_USAGE = YES_ERROR;
				CLANG_WARN_DOCUMENTATION_COMMENTS = YES;
				CLANG_WARN_EMPTY_BODY = YES;
				CLANG_WARN_ENUM_CONVERSION = YES;
				CLANG_WARN_INFINITE_RECURSION = YES;
				CLANG_WARN_INT_CONVERSION = YES;
				CLANG_WARN_NON_LITERAL_NULL_CONVERSION = YES;
				CLANG_WARN_OBJC_IMPLICIT_RETAIN_SELF = YES;
				CLANG_WARN_OBJC_LITERAL_CONVERSION = YES;
				CLANG_WARN_OBJC_ROOT_CLASS = YES_ERROR;
				CLANG_WARN_RANGE_LOOP_ANALYSIS = YES;
				CLANG_WARN_STRICT_PROTOTYPES = YES;
				CLANG_WARN_SUSPICIOUS_MOVE = YES;
				CLANG_WARN_UNGUARDED_AVAILABILITY = YES_AGGRESSIVE;
				CLANG_WARN_UNREACHABLE_CODE = YES;
				CLANG_WARN__DUPLICATE_METHOD_MATCH = YES;
				CODE_SIGN_IDENTITY = "Mac Developer";
				COPY_PHASE_STRIP = NO;
				DEBUG_INFORMATION_FORMAT = dwarf;
				ENABLE_STRICT_OBJC_MSGSEND = YES;
				ENABLE_TESTABILITY = YES;
				GCC_C_LANGUAGE_STANDARD = gnu11;
				GCC_DYNAMIC_NO_PIC = NO;
				GCC_NO_COMMON_BLOCKS = YES;
				GCC_OPTIMIZATION_LEVEL = 0;
				GCC_PREPROCESSOR_DEFINITIONS = (
					"DEBUG=1",
					"$(inherited)",
				);
				GCC_WARN_64_TO_32_BIT_CONVERSION = YES;
				GCC_WARN_ABOUT_RETURN_TYPE = YES_ERROR;
				GCC_WARN_UNDECLARED_SELECTOR = YES;
				GCC_WARN_UNINITIALIZED_AUTOS = YES_AGGRESSIVE;
				GCC_WARN_UNUSED_FUNCTION = YES;
				GCC_WARN_UNUSED_VARIABLE = YES;
				MACOSX_DEPLOYMENT_TARGET = 10.12;
				MTL_ENABLE_DEBUG_INFO = YES;
				ONLY_ACTIVE_ARCH = YES;
				SDKROOT = macosx;
				SWIFT_ACTIVE_COMPILATION_CONDITIONS = DEBUG;
				SWIFT_OPTIMIZATION_LEVEL = "-Onone";
			};
			name = Debug;
		};
		2776566B1F75BBEC001B0294 /* Release */ = {
			isa = XCBuildConfiguration;
			buildSettings = {
				ALWAYS_SEARCH_USER_PATHS = NO;
				CLANG_ANALYZER_NONNULL = YES;
				CLANG_ANALYZER_NUMBER_OBJECT_CONVERSION = YES_AGGRESSIVE;
				CLANG_CXX_LANGUAGE_STANDARD = "gnu++14";
				CLANG_CXX_LIBRARY = "libc++";
				CLANG_ENABLE_MODULES = YES;
				CLANG_ENABLE_OBJC_ARC = YES;
				CLANG_WARN_BLOCK_CAPTURE_AUTORELEASING = YES;
				CLANG_WARN_BOOL_CONVERSION = YES;
				CLANG_WARN_COMMA = YES;
				CLANG_WARN_CONSTANT_CONVERSION = YES;
				CLANG_WARN_DEPRECATED_OBJC_IMPLEMENTATIONS = YES;
				CLANG_WARN_DIRECT_OBJC_ISA_USAGE = YES_ERROR;
				CLANG_WARN_DOCUMENTATION_COMMENTS = YES;
				CLANG_WARN_EMPTY_BODY = YES;
				CLANG_WARN_ENUM_CONVERSION = YES;
				CLANG_WARN_INFINITE_RECURSION = YES;
				CLANG_WARN_INT_CONVERSION = YES;
				CLANG_WARN_NON_LITERAL_NULL_CONVERSION = YES;
				CLANG_WARN_OBJC_IMPLICIT_RETAIN_SELF = YES;
				CLANG_WARN_OBJC_LITERAL_CONVERSION = YES;
				CLANG_WARN_OBJC_ROOT_CLASS = YES_ERROR;
				CLANG_WARN_RANGE_LOOP_ANALYSIS = YES;
				CLANG_WARN_STRICT_PROTOTYPES = YES;
				CLANG_WARN_SUSPICIOUS_MOVE = YES;
				CLANG_WARN_UNGUARDED_AVAILABILITY = YES_AGGRESSIVE;
				CLANG_WARN_UNREACHABLE_CODE = YES;
				CLANG_WARN__DUPLICATE_METHOD_MATCH = YES;
				CODE_SIGN_IDENTITY = "Mac Developer";
				COPY_PHASE_STRIP = NO;
				DEBUG_INFORMATION_FORMAT = "dwarf-with-dsym";
				ENABLE_NS_ASSERTIONS = NO;
				ENABLE_STRICT_OBJC_MSGSEND = YES;
				GCC_C_LANGUAGE_STANDARD = gnu11;
				GCC_NO_COMMON_BLOCKS = YES;
				GCC_WARN_64_TO_32_BIT_CONVERSION = YES;
				GCC_WARN_ABOUT_RETURN_TYPE = YES_ERROR;
				GCC_WARN_UNDECLARED_SELECTOR = YES;
				GCC_WARN_UNINITIALIZED_AUTOS = YES_AGGRESSIVE;
				GCC_WARN_UNUSED_FUNCTION = YES;
				GCC_WARN_UNUSED_VARIABLE = YES;
				MACOSX_DEPLOYMENT_TARGET = 10.12;
				MTL_ENABLE_DEBUG_INFO = NO;
				SDKROOT = macosx;
				SWIFT_OPTIMIZATION_LEVEL = "-Owholemodule";
			};
			name = Release;
		};
		2776566D1F75BBEC001B0294 /* Debug */ = {
			isa = XCBuildConfiguration;
			baseConfigurationReference = 3D89BE136325237EBA1B4B06 /* Pods-tmpNote.debug.xcconfig */;
			buildSettings = {
				ALWAYS_EMBED_SWIFT_STANDARD_LIBRARIES = YES;
				ASSETCATALOG_COMPILER_APPICON_NAME = AppIcon;
				CLANG_ENABLE_MODULES = YES;
				CODE_SIGN_ENTITLEMENTS = tmpNote/tmpNote.entitlements;
				CODE_SIGN_IDENTITY = "Mac Developer";
				CODE_SIGN_STYLE = Automatic;
				COMBINE_HIDPI_IMAGES = YES;
				DEVELOPMENT_TEAM = Q2N8L37H44;
				INFOPLIST_FILE = tmpNote/Info.plist;
				LD_RUNPATH_SEARCH_PATHS = "$(inherited) @executable_path/../Frameworks";
				PRODUCT_BUNDLE_IDENTIFIER = com.buddax2.tmpNote;
				PRODUCT_NAME = "$(TARGET_NAME)";
				PROVISIONING_PROFILE_SPECIFIER = "";
				SWIFT_OPTIMIZATION_LEVEL = "-Onone";
				SWIFT_VERSION = 5.0;
			};
			name = Debug;
		};
		2776566E1F75BBEC001B0294 /* Release */ = {
			isa = XCBuildConfiguration;
			baseConfigurationReference = C5BD56484756DECFF14D330B /* Pods-tmpNote.release.xcconfig */;
			buildSettings = {
				ALWAYS_EMBED_SWIFT_STANDARD_LIBRARIES = YES;
				ASSETCATALOG_COMPILER_APPICON_NAME = AppIcon;
				CLANG_ENABLE_MODULES = YES;
				CODE_SIGN_ENTITLEMENTS = tmpNote/tmpNote.entitlements;
				CODE_SIGN_IDENTITY = "Mac Developer";
				CODE_SIGN_STYLE = Automatic;
				COMBINE_HIDPI_IMAGES = YES;
				DEVELOPMENT_TEAM = Q2N8L37H44;
				INFOPLIST_FILE = tmpNote/Info.plist;
				LD_RUNPATH_SEARCH_PATHS = "$(inherited) @executable_path/../Frameworks";
				PRODUCT_BUNDLE_IDENTIFIER = com.buddax2.tmpNote;
				PRODUCT_NAME = "$(TARGET_NAME)";
				PROVISIONING_PROFILE_SPECIFIER = "";
				SWIFT_VERSION = 5.0;
			};
			name = Release;
		};
/* End XCBuildConfiguration section */

/* Begin XCConfigurationList section */
		274464CB1F79A10A008A0252 /* Build configuration list for PBXNativeTarget "LauncherApplication" */ = {
			isa = XCConfigurationList;
			buildConfigurations = (
				274464C91F79A10A008A0252 /* Debug */,
				274464CA1F79A10A008A0252 /* Release */,
			);
			defaultConfigurationIsVisible = 0;
			defaultConfigurationName = Release;
		};
		277656571F75BBEC001B0294 /* Build configuration list for PBXProject "tmpNote" */ = {
			isa = XCConfigurationList;
			buildConfigurations = (
				2776566A1F75BBEC001B0294 /* Debug */,
				2776566B1F75BBEC001B0294 /* Release */,
			);
			defaultConfigurationIsVisible = 0;
			defaultConfigurationName = Release;
		};
		2776566C1F75BBEC001B0294 /* Build configuration list for PBXNativeTarget "tmpNote" */ = {
			isa = XCConfigurationList;
			buildConfigurations = (
				2776566D1F75BBEC001B0294 /* Debug */,
				2776566E1F75BBEC001B0294 /* Release */,
			);
			defaultConfigurationIsVisible = 0;
			defaultConfigurationName = Release;
		};
/* End XCConfigurationList section */

/* Begin XCVersionGroup section */
		938535CB2329F9B700ABF71D /* tmpNote.xcdatamodeld */ = {
			isa = XCVersionGroup;
			children = (
				938535CC2329F9B700ABF71D /* tmpNote.xcdatamodel */,
			);
			currentVersion = 938535CC2329F9B700ABF71D /* tmpNote.xcdatamodel */;
			path = tmpNote.xcdatamodeld;
			sourceTree = "<group>";
			versionGroupType = wrapper.xcdatamodel;
		};
/* End XCVersionGroup section */
	};
	rootObject = 277656541F75BBEC001B0294 /* Project object */;
}
